
Microsoft Visual Studio Solution File, Format Version 12.00
# Visual Studio Version 16
VisualStudioVersion = 16.0.29709.97
MinimumVisualStudioVersion = 10.0.40219.1
Project("{9A19103F-16F7-4668-BE54-9A1E7A4F7556}") = "BFinances.Server.Entry", "BFinances.Server.Entry\BFinances.Server.Entry.csproj", "{DAF02D43-8FE4-4DF4-B1A3-CE466E10C15D}"
EndProject
Project("{2150E333-8FDC-42A3-9474-1A3956D46DE8}") = "Invoices", "Invoices", "{F9AF0541-41ED-42F4-8953-6BF5E39664AF}"
EndProject
Project("{9A19103F-16F7-4668-BE54-9A1E7A4F7556}") = "BFinances.Server.Invoices.Contract", "Invoices\BFinances.Server.Invoices.Contract\BFinances.Server.Invoices.Contract.csproj", "{51BB42D8-9F62-4382-91F3-924441B5504C}"
EndProject
Project("{9A19103F-16F7-4668-BE54-9A1E7A4F7556}") = "BFinances.Server.Invoices.Infrastructure", "Invoices\BFinances.Server.Invoices.Infrastructure\BFinances.Server.Invoices.Infrastructure.csproj", "{F086C6FB-BFAD-4311-9114-F8EED2E287D3}"
EndProject
Project("{9A19103F-16F7-4668-BE54-9A1E7A4F7556}") = "BFinances.Server.Invoices.Domain", "Invoices\BFinances.Server.Invoices.Domain\BFinances.Server.Invoices.Domain.csproj", "{BFAB4F1E-8582-4C6B-9AFE-39F11FA5F613}"
EndProject
Project("{9A19103F-16F7-4668-BE54-9A1E7A4F7556}") = "BFinances.Server.Invoices.Application", "Invoices\BFinances.Server.Invoices.Application\BFinances.Server.Invoices.Application.csproj", "{5AA9D7F5-1A33-4517-9CCF-19DB1DFD6A25}"
EndProject
Project("{9A19103F-16F7-4668-BE54-9A1E7A4F7556}") = "BFinances.Server.DbUp", "BFinances.Server.DbUp\BFinances.Server.DbUp.csproj", "{710705A2-8226-4D72-A723-32025E4F8769}"
EndProject
Project("{2150E333-8FDC-42A3-9474-1A3956D46DE8}") = "Expenses", "Expenses", "{8D606129-D295-48FE-933D-262F82756165}"
EndProject
Project("{9A19103F-16F7-4668-BE54-9A1E7A4F7556}") = "BFinances.Server.Expenses.Application", "Expenses\BFinances.Server.Expenses.Application\BFinances.Server.Expenses.Application.csproj", "{7B96793C-B932-4C5C-825F-90EC2ABD46F5}"
EndProject
Project("{9A19103F-16F7-4668-BE54-9A1E7A4F7556}") = "BFinances.Server.Expenses.Contract", "Expenses\BFinances.Server.Expenses.Contract\BFinances.Server.Expenses.Contract.csproj", "{FF2441E2-B321-4747-B562-94FEEE9EED67}"
EndProject
Project("{9A19103F-16F7-4668-BE54-9A1E7A4F7556}") = "BFinances.Server.Expenses.Domain", "Expenses\BFinances.Server.Expenses.Domain\BFinances.Server.Expenses.Domain.csproj", "{E095BC0E-7947-49FA-A04A-4CCB4FDD5336}"
EndProject
Project("{9A19103F-16F7-4668-BE54-9A1E7A4F7556}") = "BFinances.Server.Expenses.Infrastructure", "Expenses\BFinances.Server.Expenses.Infrastructure\BFinances.Server.Expenses.Infrastructure.csproj", "{E1BD3B29-3BD1-4120-AB16-A179F2D420B7}"
EndProject
Project("{2150E333-8FDC-42A3-9474-1A3956D46DE8}") = "Common", "Common", "{4E5B359D-4AE9-4858-97DD-F24136FD2C17}"
EndProject
Project("{9A19103F-16F7-4668-BE54-9A1E7A4F7556}") = "BFinances.Server.Common.Domain", "Common\BFinances.Server.Common.Domain\BFinances.Server.Common.Domain.csproj", "{C6EF3C53-8C68-4DA9-AB58-900E5717A26E}"
EndProject
Project("{9A19103F-16F7-4668-BE54-9A1E7A4F7556}") = "BFinances.Server.Common.Contract", "Common\BFinances.Server.Common.Contract\BFinances.Server.Common.Contract.csproj", "{5C8FFAAF-2E29-4817-A5CB-F48DDFCABF19}"
EndProject
Project("{9A19103F-16F7-4668-BE54-9A1E7A4F7556}") = "BFinances.Server.Common.Infrastructure", "Common\BFinances.Server.Common.Infrastructure\BFinances.Server.Common.Infrastructure.csproj", "{2AB50EE1-43DC-409D-9287-05564AC09EA3}"
EndProject
Project("{2150E333-8FDC-42A3-9474-1A3956D46DE8}") = "Dashboard", "Dashboard", "{7AE4F437-66A9-479F-9441-589644E40241}"
EndProject
Project("{9A19103F-16F7-4668-BE54-9A1E7A4F7556}") = "BFinances.Server.Dashboard.Application", "Dashboard\BFinances.Server.Dashboard.Application\BFinances.Server.Dashboard.Application.csproj", "{A2ADB17A-FAEC-4C63-80B2-090BE45B8FE5}"
EndProject
Project("{9A19103F-16F7-4668-BE54-9A1E7A4F7556}") = "BFinances.Server.Dashboard.Contract", "Dashboard\BFinances.Server.Dashboard.Contract\BFinances.Server.Dashboard.Contract.csproj", "{5FD4DDA7-11C0-48B9-B049-9EC9C05DC4E8}"
EndProject
Project("{9A19103F-16F7-4668-BE54-9A1E7A4F7556}") = "BFinances.Server.Dashboard.Domain", "Dashboard\BFinances.Server.Dashboard.Domain\BFinances.Server.Dashboard.Domain.csproj", "{52D5960E-A2C1-4549-8D37-5588852612D7}"
EndProject
Project("{9A19103F-16F7-4668-BE54-9A1E7A4F7556}") = "BFinances.Server.Dashboard.Infrastructure", "Dashboard\BFinances.Server.Dashboard.Infrastructure\BFinances.Server.Dashboard.Infrastructure.csproj", "{531ABD62-32F9-4654-AD39-C9CCC61CA61C}"
EndProject
Project("{2150E333-8FDC-42A3-9474-1A3956D46DE8}") = "Tests", "Tests", "{AE813B55-8340-445F-9C7E-C6223D03E7A0}"
EndProject
Project("{FAE04EC0-301F-11D3-BF4B-00C04F79EFBC}") = "BFinances.Server.Invoices.Domain.Unit.Tests", "Invoices\Tests\BFinances.Server.Invoices.Domain.Unit.Tests\BFinances.Server.Invoices.Domain.Unit.Tests.csproj", "{CC0492D5-B4E6-48AC-8EA1-8F81A80C2DEE}"
EndProject
Project("{FAE04EC0-301F-11D3-BF4B-00C04F79EFBC}") = "BFinances.Server.Invoices.Infrastructure.Unit.Tests", "Invoices\Tests\BFinances.Server.Invoices.Infrastructure.Unit.Tests\BFinances.Server.Invoices.Infrastructure.Unit.Tests.csproj", "{050B06F7-6A4C-4285-B388-508CC1E6E0E3}"
EndProject
Global
	GlobalSection(SolutionConfigurationPlatforms) = preSolution
		Debug|Any CPU = Debug|Any CPU
		Release|Any CPU = Release|Any CPU
	EndGlobalSection
	GlobalSection(ProjectConfigurationPlatforms) = postSolution
		{DAF02D43-8FE4-4DF4-B1A3-CE466E10C15D}.Debug|Any CPU.ActiveCfg = Debug|Any CPU
		{DAF02D43-8FE4-4DF4-B1A3-CE466E10C15D}.Debug|Any CPU.Build.0 = Debug|Any CPU
		{DAF02D43-8FE4-4DF4-B1A3-CE466E10C15D}.Release|Any CPU.ActiveCfg = Release|Any CPU
		{DAF02D43-8FE4-4DF4-B1A3-CE466E10C15D}.Release|Any CPU.Build.0 = Release|Any CPU
		{51BB42D8-9F62-4382-91F3-924441B5504C}.Debug|Any CPU.ActiveCfg = Debug|Any CPU
		{51BB42D8-9F62-4382-91F3-924441B5504C}.Debug|Any CPU.Build.0 = Debug|Any CPU
		{51BB42D8-9F62-4382-91F3-924441B5504C}.Release|Any CPU.ActiveCfg = Release|Any CPU
		{51BB42D8-9F62-4382-91F3-924441B5504C}.Release|Any CPU.Build.0 = Release|Any CPU
		{F086C6FB-BFAD-4311-9114-F8EED2E287D3}.Debug|Any CPU.ActiveCfg = Debug|Any CPU
		{F086C6FB-BFAD-4311-9114-F8EED2E287D3}.Debug|Any CPU.Build.0 = Debug|Any CPU
		{F086C6FB-BFAD-4311-9114-F8EED2E287D3}.Release|Any CPU.ActiveCfg = Release|Any CPU
		{F086C6FB-BFAD-4311-9114-F8EED2E287D3}.Release|Any CPU.Build.0 = Release|Any CPU
		{BFAB4F1E-8582-4C6B-9AFE-39F11FA5F613}.Debug|Any CPU.ActiveCfg = Debug|Any CPU
		{BFAB4F1E-8582-4C6B-9AFE-39F11FA5F613}.Debug|Any CPU.Build.0 = Debug|Any CPU
		{BFAB4F1E-8582-4C6B-9AFE-39F11FA5F613}.Release|Any CPU.ActiveCfg = Release|Any CPU
		{BFAB4F1E-8582-4C6B-9AFE-39F11FA5F613}.Release|Any CPU.Build.0 = Release|Any CPU
		{5AA9D7F5-1A33-4517-9CCF-19DB1DFD6A25}.Debug|Any CPU.ActiveCfg = Debug|Any CPU
		{5AA9D7F5-1A33-4517-9CCF-19DB1DFD6A25}.Debug|Any CPU.Build.0 = Debug|Any CPU
		{5AA9D7F5-1A33-4517-9CCF-19DB1DFD6A25}.Release|Any CPU.ActiveCfg = Release|Any CPU
		{5AA9D7F5-1A33-4517-9CCF-19DB1DFD6A25}.Release|Any CPU.Build.0 = Release|Any CPU
		{710705A2-8226-4D72-A723-32025E4F8769}.Debug|Any CPU.ActiveCfg = Debug|Any CPU
		{710705A2-8226-4D72-A723-32025E4F8769}.Debug|Any CPU.Build.0 = Debug|Any CPU
		{710705A2-8226-4D72-A723-32025E4F8769}.Release|Any CPU.ActiveCfg = Release|Any CPU
		{710705A2-8226-4D72-A723-32025E4F8769}.Release|Any CPU.Build.0 = Release|Any CPU
		{7B96793C-B932-4C5C-825F-90EC2ABD46F5}.Debug|Any CPU.ActiveCfg = Debug|Any CPU
		{7B96793C-B932-4C5C-825F-90EC2ABD46F5}.Debug|Any CPU.Build.0 = Debug|Any CPU
		{7B96793C-B932-4C5C-825F-90EC2ABD46F5}.Release|Any CPU.ActiveCfg = Release|Any CPU
		{7B96793C-B932-4C5C-825F-90EC2ABD46F5}.Release|Any CPU.Build.0 = Release|Any CPU
		{FF2441E2-B321-4747-B562-94FEEE9EED67}.Debug|Any CPU.ActiveCfg = Debug|Any CPU
		{FF2441E2-B321-4747-B562-94FEEE9EED67}.Debug|Any CPU.Build.0 = Debug|Any CPU
		{FF2441E2-B321-4747-B562-94FEEE9EED67}.Release|Any CPU.ActiveCfg = Release|Any CPU
		{FF2441E2-B321-4747-B562-94FEEE9EED67}.Release|Any CPU.Build.0 = Release|Any CPU
		{E095BC0E-7947-49FA-A04A-4CCB4FDD5336}.Debug|Any CPU.ActiveCfg = Debug|Any CPU
		{E095BC0E-7947-49FA-A04A-4CCB4FDD5336}.Debug|Any CPU.Build.0 = Debug|Any CPU
		{E095BC0E-7947-49FA-A04A-4CCB4FDD5336}.Release|Any CPU.ActiveCfg = Release|Any CPU
		{E095BC0E-7947-49FA-A04A-4CCB4FDD5336}.Release|Any CPU.Build.0 = Release|Any CPU
		{E1BD3B29-3BD1-4120-AB16-A179F2D420B7}.Debug|Any CPU.ActiveCfg = Debug|Any CPU
		{E1BD3B29-3BD1-4120-AB16-A179F2D420B7}.Debug|Any CPU.Build.0 = Debug|Any CPU
		{E1BD3B29-3BD1-4120-AB16-A179F2D420B7}.Release|Any CPU.ActiveCfg = Release|Any CPU
		{E1BD3B29-3BD1-4120-AB16-A179F2D420B7}.Release|Any CPU.Build.0 = Release|Any CPU
		{C6EF3C53-8C68-4DA9-AB58-900E5717A26E}.Debug|Any CPU.ActiveCfg = Debug|Any CPU
		{C6EF3C53-8C68-4DA9-AB58-900E5717A26E}.Debug|Any CPU.Build.0 = Debug|Any CPU
		{C6EF3C53-8C68-4DA9-AB58-900E5717A26E}.Release|Any CPU.ActiveCfg = Release|Any CPU
		{C6EF3C53-8C68-4DA9-AB58-900E5717A26E}.Release|Any CPU.Build.0 = Release|Any CPU
		{5C8FFAAF-2E29-4817-A5CB-F48DDFCABF19}.Debug|Any CPU.ActiveCfg = Debug|Any CPU
		{5C8FFAAF-2E29-4817-A5CB-F48DDFCABF19}.Debug|Any CPU.Build.0 = Debug|Any CPU
		{5C8FFAAF-2E29-4817-A5CB-F48DDFCABF19}.Release|Any CPU.ActiveCfg = Release|Any CPU
		{5C8FFAAF-2E29-4817-A5CB-F48DDFCABF19}.Release|Any CPU.Build.0 = Release|Any CPU
		{2AB50EE1-43DC-409D-9287-05564AC09EA3}.Debug|Any CPU.ActiveCfg = Debug|Any CPU
		{2AB50EE1-43DC-409D-9287-05564AC09EA3}.Debug|Any CPU.Build.0 = Debug|Any CPU
		{2AB50EE1-43DC-409D-9287-05564AC09EA3}.Release|Any CPU.ActiveCfg = Release|Any CPU
		{2AB50EE1-43DC-409D-9287-05564AC09EA3}.Release|Any CPU.Build.0 = Release|Any CPU
		{A2ADB17A-FAEC-4C63-80B2-090BE45B8FE5}.Debug|Any CPU.ActiveCfg = Debug|Any CPU
		{A2ADB17A-FAEC-4C63-80B2-090BE45B8FE5}.Debug|Any CPU.Build.0 = Debug|Any CPU
		{A2ADB17A-FAEC-4C63-80B2-090BE45B8FE5}.Release|Any CPU.ActiveCfg = Release|Any CPU
		{A2ADB17A-FAEC-4C63-80B2-090BE45B8FE5}.Release|Any CPU.Build.0 = Release|Any CPU
		{5FD4DDA7-11C0-48B9-B049-9EC9C05DC4E8}.Debug|Any CPU.ActiveCfg = Debug|Any CPU
		{5FD4DDA7-11C0-48B9-B049-9EC9C05DC4E8}.Debug|Any CPU.Build.0 = Debug|Any CPU
		{5FD4DDA7-11C0-48B9-B049-9EC9C05DC4E8}.Release|Any CPU.ActiveCfg = Release|Any CPU
		{5FD4DDA7-11C0-48B9-B049-9EC9C05DC4E8}.Release|Any CPU.Build.0 = Release|Any CPU
		{52D5960E-A2C1-4549-8D37-5588852612D7}.Debug|Any CPU.ActiveCfg = Debug|Any CPU
		{52D5960E-A2C1-4549-8D37-5588852612D7}.Debug|Any CPU.Build.0 = Debug|Any CPU
		{52D5960E-A2C1-4549-8D37-5588852612D7}.Release|Any CPU.ActiveCfg = Release|Any CPU
		{52D5960E-A2C1-4549-8D37-5588852612D7}.Release|Any CPU.Build.0 = Release|Any CPU
		{531ABD62-32F9-4654-AD39-C9CCC61CA61C}.Debug|Any CPU.ActiveCfg = Debug|Any CPU
		{531ABD62-32F9-4654-AD39-C9CCC61CA61C}.Debug|Any CPU.Build.0 = Debug|Any CPU
		{531ABD62-32F9-4654-AD39-C9CCC61CA61C}.Release|Any CPU.ActiveCfg = Release|Any CPU
		{531ABD62-32F9-4654-AD39-C9CCC61CA61C}.Release|Any CPU.Build.0 = Release|Any CPU
		{CC0492D5-B4E6-48AC-8EA1-8F81A80C2DEE}.Debug|Any CPU.ActiveCfg = Debug|Any CPU
		{CC0492D5-B4E6-48AC-8EA1-8F81A80C2DEE}.Debug|Any CPU.Build.0 = Debug|Any CPU
		{CC0492D5-B4E6-48AC-8EA1-8F81A80C2DEE}.Release|Any CPU.ActiveCfg = Release|Any CPU
		{CC0492D5-B4E6-48AC-8EA1-8F81A80C2DEE}.Release|Any CPU.Build.0 = Release|Any CPU
		{050B06F7-6A4C-4285-B388-508CC1E6E0E3}.Debug|Any CPU.ActiveCfg = Debug|Any CPU
		{050B06F7-6A4C-4285-B388-508CC1E6E0E3}.Debug|Any CPU.Build.0 = Debug|Any CPU
		{050B06F7-6A4C-4285-B388-508CC1E6E0E3}.Release|Any CPU.ActiveCfg = Release|Any CPU
		{050B06F7-6A4C-4285-B388-508CC1E6E0E3}.Release|Any CPU.Build.0 = Release|Any CPU
	EndGlobalSection
	GlobalSection(SolutionProperties) = preSolution
		HideSolutionNode = FALSE
	EndGlobalSection
	GlobalSection(NestedProjects) = preSolution
		{51BB42D8-9F62-4382-91F3-924441B5504C} = {F9AF0541-41ED-42F4-8953-6BF5E39664AF}
		{F086C6FB-BFAD-4311-9114-F8EED2E287D3} = {F9AF0541-41ED-42F4-8953-6BF5E39664AF}
		{BFAB4F1E-8582-4C6B-9AFE-39F11FA5F613} = {F9AF0541-41ED-42F4-8953-6BF5E39664AF}
		{5AA9D7F5-1A33-4517-9CCF-19DB1DFD6A25} = {F9AF0541-41ED-42F4-8953-6BF5E39664AF}
		{7B96793C-B932-4C5C-825F-90EC2ABD46F5} = {8D606129-D295-48FE-933D-262F82756165}
		{FF2441E2-B321-4747-B562-94FEEE9EED67} = {8D606129-D295-48FE-933D-262F82756165}
		{E095BC0E-7947-49FA-A04A-4CCB4FDD5336} = {8D606129-D295-48FE-933D-262F82756165}
		{E1BD3B29-3BD1-4120-AB16-A179F2D420B7} = {8D606129-D295-48FE-933D-262F82756165}
		{C6EF3C53-8C68-4DA9-AB58-900E5717A26E} = {4E5B359D-4AE9-4858-97DD-F24136FD2C17}
		{5C8FFAAF-2E29-4817-A5CB-F48DDFCABF19} = {4E5B359D-4AE9-4858-97DD-F24136FD2C17}
		{2AB50EE1-43DC-409D-9287-05564AC09EA3} = {4E5B359D-4AE9-4858-97DD-F24136FD2C17}
		{A2ADB17A-FAEC-4C63-80B2-090BE45B8FE5} = {7AE4F437-66A9-479F-9441-589644E40241}
		{5FD4DDA7-11C0-48B9-B049-9EC9C05DC4E8} = {7AE4F437-66A9-479F-9441-589644E40241}
		{52D5960E-A2C1-4549-8D37-5588852612D7} = {7AE4F437-66A9-479F-9441-589644E40241}
		{531ABD62-32F9-4654-AD39-C9CCC61CA61C} = {7AE4F437-66A9-479F-9441-589644E40241}
		{AE813B55-8340-445F-9C7E-C6223D03E7A0} = {F9AF0541-41ED-42F4-8953-6BF5E39664AF}
		{CC0492D5-B4E6-48AC-8EA1-8F81A80C2DEE} = {AE813B55-8340-445F-9C7E-C6223D03E7A0}
		{050B06F7-6A4C-4285-B388-508CC1E6E0E3} = {AE813B55-8340-445F-9C7E-C6223D03E7A0}
	EndGlobalSection
	GlobalSection(ExtensibilityGlobals) = postSolution
		SolutionGuid = {16CFA305-E92E-426A-808E-9147B96BC01B}
	EndGlobalSection
EndGlobal
